
Microsoft Visual Studio Solution File, Format Version 12.00
# Visual Studio Version 17
VisualStudioVersion = 17.13.35818.85
MinimumVisualStudioVersion = 10.0.40219.1
Project("{FAE04EC0-301F-11D3-BF4B-00C04F79EFBC}") = "WEBPC_API", "WEBPC_API\WEBPC_API.csproj", "{930843FF-DC77-483E-A23B-975EE1B1D9AB}"
EndProject
Global
	GlobalSection(SolutionConfigurationPlatforms) = preSolution
		Debug|Any CPU = Debug|Any CPU
		Release|Any CPU = Release|Any CPU
	EndGlobalSection
	GlobalSection(ProjectConfigurationPlatforms) = postSolution
		{930843FF-DC77-483E-A23B-975EE1B1D9AB}.Debug|Any CPU.ActiveCfg = Debug|Any CPU
		{930843FF-DC77-483E-A23B-975EE1B1D9AB}.Debug|Any CPU.Build.0 = Debug|Any CPU
		{930843FF-DC77-483E-A23B-975EE1B1D9AB}.Release|Any CPU.ActiveCfg = Release|Any CPU
		{930843FF-DC77-483E-A23B-975EE1B1D9AB}.Release|Any CPU.Build.0 = Release|Any CPU
	EndGlobalSection
	GlobalSection(SolutionProperties) = preSolution
		HideSolutionNode = FALSE
	EndGlobalSection
	GlobalSection(ExtensibilityGlobals) = postSolution
		SolutionGuid = {D88B6E05-4BED-424A-9592-4670B2221573}
	EndGlobalSection
EndGlobal
